<?xml version="1.0"?>
<Project ToolsVersion="4.0" xmlns="http://schemas.microsoft.com/developer/msbuild/2003">
	<ItemGroup>
		<ClCompile Include="src\ofApp.cpp">
			<Filter>src</Filter>
		</ClCompile>
		<ClCompile Include="src\main.cpp">
			<Filter>src</Filter>
		</ClCompile>
		<ClCompile Include="../../../addons/ofxOsc/src/ofxOscBundle.cpp">
			<Filter>addons/ofxOsc/src</Filter>
		</ClCompile>
		<ClCompile Include="../../../addons/ofxOsc/src/ofxOscMessage.cpp">
			<Filter>addons/ofxOsc/src</Filter>
		</ClCompile>
		<ClCompile Include="../../../addons/ofxOsc/src/ofxOscParameterSync.cpp">
			<Filter>addons/ofxOsc/src</Filter>
		</ClCompile>
		<ClCompile Include="../../../addons/ofxOsc/src/ofxOscSender.cpp">
			<Filter>addons/ofxOsc/src</Filter>
		</ClCompile>
		<ClCompile Include="../../../addons/ofxOsc/src/ofxOscReceiver.cpp">
			<Filter>addons/ofxOsc/src</Filter>
		</ClCompile>
		<ClCompile Include="../../../addons/ofxOsc/libs/oscpack/src/osc/OscOutboundPacketStream.cpp">
			<Filter>addons/ofxOsc/libs/oscpack/src/osc</Filter>
		</ClCompile>
		<ClCompile Include="../../../addons/ofxOsc/libs/oscpack/src/osc/OscTypes.cpp">
			<Filter>addons/ofxOsc/libs/oscpack/src/osc</Filter>
		</ClCompile>
		<ClCompile Include="../../../addons/ofxOsc/libs/oscpack/src/osc/OscPrintReceivedElements.cpp">
			<Filter>addons/ofxOsc/libs/oscpack/src/osc</Filter>
		</ClCompile>
		<ClCompile Include="../../../addons/ofxOsc/libs/oscpack/src/osc/OscReceivedElements.cpp">
			<Filter>addons/ofxOsc/libs/oscpack/src/osc</Filter>
		</ClCompile>
		<ClCompile Include="../../../addons/ofxOsc/libs/oscpack/src/ip/win32/UdpSocket.cpp">
			<Filter>addons/ofxOsc/libs/oscpack/src/ip/win32</Filter>
		</ClCompile>
		<ClCompile Include="../../../addons/ofxOsc/libs/oscpack/src/ip/win32/NetworkingUtils.cpp">
			<Filter>addons/ofxOsc/libs/oscpack/src/ip/win32</Filter>
		</ClCompile>
		<ClCompile Include="../../../addons/ofxOsc/libs/oscpack/src/ip/IpEndpointName.cpp">
			<Filter>addons/ofxOsc/libs/oscpack/src/ip</Filter>
		</ClCompile>
	</ItemGroup>
	<ItemGroup>
		<Filter Include="src">
			<UniqueIdentifier>{d8376475-7454-4a24-b08a-aac121d3ad6f}</UniqueIdentifier>
		</Filter>
		<Filter Include="addons/ofxOsc/src">
			<UniqueIdentifier>{DF55E916--6DA-8-49-9A-8-CD9-D3A51F9B1C18}</UniqueIdentifier>
		</Filter>
		<Filter Include="addons/ofxOsc/libs/oscpack/src/osc">
			<UniqueIdentifier>{37D31B19--1EF-F-44-09-B-E83-E3BE6ACD5FCE}</UniqueIdentifier>
		</Filter>
		<Filter Include="addons/ofxOsc/libs/oscpack/src/ip">
			<UniqueIdentifier>{61DA0DAC--5C0-9-49-BC-A-A5F-9C5E811BAE32}</UniqueIdentifier>
		</Filter>
		<Filter Include="addons/ofxOsc/libs/oscpack/src/ip/win32">
			<UniqueIdentifier>{4DCE9434--715-B-45-7A-8-F74-F8471F632C6F}</UniqueIdentifier>
		</Filter>
	</ItemGroup>
	<ItemGroup>
		<ClInclude Include="src\ofApp.h">
			<Filter>src</Filter>
		</ClInclude>
		<ClInclude Include="../../../addons/ofxOsc/src/ofxOscSender.h">
			<Filter>addons/ofxOsc/src</Filter>
		</ClInclude>
		<ClInclude Include="../../../addons/ofxOsc/src/ofxOscParameterSync.h">
			<Filter>addons/ofxOsc/src</Filter>
		</ClInclude>
		<ClInclude Include="../../../addons/ofxOsc/src/ofxOsc.h">
			<Filter>addons/ofxOsc/src</Filter>
		</ClInclude>
		<ClInclude Include="../../../addons/ofxOsc/src/ofxOscBundle.h">
			<Filter>addons/ofxOsc/src</Filter>
		</ClInclude>
		<ClInclude Include="../../../addons/ofxOsc/src/ofxOscArg.h">
			<Filter>addons/ofxOsc/src</Filter>
		</ClInclude>
		<ClInclude Include="../../../addons/ofxOsc/src/ofxOscReceiver.h">
			<Filter>addons/ofxOsc/src</Filter>
		</ClInclude>
		<ClInclude Include="../../../addons/ofxOsc/src/ofxOscMessage.h">
			<Filter>addons/ofxOsc/src</Filter>
		</ClInclude>
		<ClInclude Include="../../../addons/ofxOsc/libs/oscpack/src/osc/OscReceivedElements.h">
			<Filter>addons/ofxOsc/libs/oscpack/src/osc</Filter>
		</ClInclude>
		<ClInclude Include="../../../addons/ofxOsc/libs/oscpack/src/osc/OscPrintReceivedElements.h">
			<Filter>addons/ofxOsc/libs/oscpack/src/osc</Filter>
		</ClInclude>
		<ClInclude Include="../../../addons/ofxOsc/libs/oscpack/src/osc/OscTypes.h">
			<Filter>addons/ofxOsc/libs/oscpack/src/osc</Filter>
		</ClInclude>
		<ClInclude Include="../../../addons/ofxOsc/libs/oscpack/src/osc/OscOutboundPacketStream.h">
			<Filter>addons/ofxOsc/libs/oscpack/src/osc</Filter>
		</ClInclude>
		<ClInclude Include="../../../addons/ofxOsc/libs/oscpack/src/osc/OscException.h">
			<Filter>addons/ofxOsc/libs/oscpack/src/osc</Filter>
		</ClInclude>
		<ClInclude Include="../../../addons/ofxOsc/libs/oscpack/src/osc/OscPacketListener.h">
			<Filter>addons/ofxOsc/libs/oscpack/src/osc</Filter>
		</ClInclude>
		<ClInclude Include="../../../addons/ofxOsc/libs/oscpack/src/osc/MessageMappingOscPacketListener.h">
			<Filter>addons/ofxOsc/libs/oscpack/src/osc</Filter>
		</ClInclude>
		<ClInclude Include="../../../addons/ofxOsc/libs/oscpack/src/osc/OscHostEndianness.h">
			<Filter>addons/ofxOsc/libs/oscpack/src/osc</Filter>
		</ClInclude>
		<ClInclude Include="../../../addons/ofxOsc/libs/oscpack/src/ip/IpEndpointName.h">
			<Filter>addons/ofxOsc/libs/oscpack/src/ip</Filter>
		</ClInclude>
		<ClInclude Include="../../../addons/ofxOsc/libs/oscpack/src/ip/UdpSocket.h">
			<Filter>addons/ofxOsc/libs/oscpack/src/ip</Filter>
		</ClInclude>
		<ClInclude Include="../../../addons/ofxOsc/libs/oscpack/src/ip/PacketListener.h">
			<Filter>addons/ofxOsc/libs/oscpack/src/ip</Filter>
		</ClInclude>
		<ClInclude Include="../../../addons/ofxOsc/libs/oscpack/src/ip/NetworkingUtils.h">
			<Filter>addons/ofxOsc/libs/oscpack/src/ip</Filter>
		</ClInclude>
		<ClInclude Include="../../../addons/ofxOsc/libs/oscpack/src/ip/TimerListener.h">
			<Filter>addons/ofxOsc/libs/oscpack/src/ip</Filter>
		</ClInclude>
	</ItemGroup>
	<ItemGroup>
		<ResourceCompile Include="icon.rc" />
	</ItemGroup>
</Project>
